
Microsoft Visual Studio Solution File, Format Version 10.00
# Visual Studio 2008
Project("{8BC9CEB8-8B4A-11D0-8D11-00A0C91BC942}") = "UnifyDLL_FTWireless", "..\modules\UnifyDLL_Marco_FTWireless\UnifyDLL_FTWireless.vcproj", "{BA08F2F3-FC88-4598-BB22-7875DE68230E}"
	ProjectSection(ProjectDependencies) = postProject
		{34BD04BD-BC1D-4BFC-AAFC-ED02D9E960F1} = {34BD04BD-BC1D-4BFC-AAFC-ED02D9E960F1}
	EndProjectSection
EndProject
Project("{8BC9CEB8-8B4A-11D0-8D11-00A0C91BC942}") = "libglog", "..\modules\Common\Glog\vsprojects\libglog\libglog.vcproj", "{34BD04BD-BC1D-4BFC-AAFC-ED02D9E960F1}"
EndProject
Project("{8BC9CEB8-8B4A-11D0-8D11-00A0C91BC942}") = "ServiceToolAdapter", "..\modules\ServiceToolAdapter_Boston\ServiceToolAdapter.vcproj", "{3C68B18C-9CA8-4DF8-8F08-041957666926}"
EndProject
Global
	GlobalSection(SolutionConfigurationPlatforms) = preSolution
		Debug|Win32 = Debug|Win32
		FT_Debug|Win32 = FT_Debug|Win32
		FT_Release|Win32 = FT_Release|Win32
		GF80B1A_ALS|Win32 = GF80B1A_ALS|Win32
		GF80B1A_AUDIO|Win32 = GF80B1A_AUDIO|Win32
		GF80B1A_BBTEST|Win32 = GF80B1A_BBTEST|Win32
		GF80B1A_CAMERA|Win32 = GF80B1A_CAMERA|Win32
		GF80B1A_MMI_BB|Win32 = GF80B1A_MMI_BB|Win32
		GF80B1A_MMI_EM|Win32 = GF80B1A_MMI_EM|Win32
		GF80B1A_RUN_IN|Win32 = GF80B1A_RUN_IN|Win32
		GF80B2A_ALS|Win32 = GF80B2A_ALS|Win32
		GF80B2A_BBTEST|Win32 = GF80B2A_BBTEST|Win32
		GF80B2A_CAMERA|Win32 = GF80B2A_CAMERA|Win32
		GF80B2A_MMI_BB|Win32 = GF80B2A_MMI_BB|Win32
		GF80B2A_MMI_EM|Win32 = GF80B2A_MMI_EM|Win32
		GF80B2A_RUN_IN|Win32 = GF80B2A_RUN_IN|Win32
		Release|Win32 = Release|Win32
	EndGlobalSection
	GlobalSection(ProjectConfigurationPlatforms) = postSolution
		{BA08F2F3-FC88-4598-BB22-7875DE68230E}.Debug|Win32.ActiveCfg = Debug|Win32
		{BA08F2F3-FC88-4598-BB22-7875DE68230E}.Debug|Win32.Build.0 = Debug|Win32
		{BA08F2F3-FC88-4598-BB22-7875DE68230E}.FT_Debug|Win32.ActiveCfg = FT_Debug|Win32
		{BA08F2F3-FC88-4598-BB22-7875DE68230E}.FT_Debug|Win32.Build.0 = FT_Debug|Win32
		{BA08F2F3-FC88-4598-BB22-7875DE68230E}.FT_Release|Win32.ActiveCfg = FT_Release|Win32
		{BA08F2F3-FC88-4598-BB22-7875DE68230E}.FT_Release|Win32.Build.0 = FT_Release|Win32
		{BA08F2F3-FC88-4598-BB22-7875DE68230E}.GF80B1A_ALS|Win32.ActiveCfg = GF80B1A_ALS|Win32
		{BA08F2F3-FC88-4598-BB22-7875DE68230E}.GF80B1A_ALS|Win32.Build.0 = GF80B1A_ALS|Win32
		{BA08F2F3-FC88-4598-BB22-7875DE68230E}.GF80B1A_AUDIO|Win32.ActiveCfg = GF80B1A_ALS|Win32
		{BA08F2F3-FC88-4598-BB22-7875DE68230E}.GF80B1A_AUDIO|Win32.Build.0 = GF80B1A_ALS|Win32
		{BA08F2F3-FC88-4598-BB22-7875DE68230E}.GF80B1A_BBTEST|Win32.ActiveCfg = GF80B1A_BBTEST|Win32
		{BA08F2F3-FC88-4598-BB22-7875DE68230E}.GF80B1A_BBTEST|Win32.Build.0 = GF80B1A_BBTEST|Win32
		{BA08F2F3-FC88-4598-BB22-7875DE68230E}.GF80B1A_CAMERA|Win32.ActiveCfg = GF80B1A_CAMERA|Win32
		{BA08F2F3-FC88-4598-BB22-7875DE68230E}.GF80B1A_CAMERA|Win32.Build.0 = GF80B1A_CAMERA|Win32
		{BA08F2F3-FC88-4598-BB22-7875DE68230E}.GF80B1A_MMI_BB|Win32.ActiveCfg = GF80B1A_MMI_BB|Win32
		{BA08F2F3-FC88-4598-BB22-7875DE68230E}.GF80B1A_MMI_BB|Win32.Build.0 = GF80B1A_MMI_BB|Win32
		{BA08F2F3-FC88-4598-BB22-7875DE68230E}.GF80B1A_MMI_EM|Win32.ActiveCfg = GF80B1A_MMI_EM|Win32
		{BA08F2F3-FC88-4598-BB22-7875DE68230E}.GF80B1A_MMI_EM|Win32.Build.0 = GF80B1A_MMI_EM|Win32
		{BA08F2F3-FC88-4598-BB22-7875DE68230E}.GF80B1A_RUN_IN|Win32.ActiveCfg = GF80B1A_RUN_IN|Win32
		{BA08F2F3-FC88-4598-BB22-7875DE68230E}.GF80B1A_RUN_IN|Win32.Build.0 = GF80B1A_RUN_IN|Win32
		{BA08F2F3-FC88-4598-BB22-7875DE68230E}.GF80B2A_ALS|Win32.ActiveCfg = GF80B2A_ALS|Win32
		{BA08F2F3-FC88-4598-BB22-7875DE68230E}.GF80B2A_ALS|Win32.Build.0 = GF80B2A_ALS|Win32
		{BA08F2F3-FC88-4598-BB22-7875DE68230E}.GF80B2A_BBTEST|Win32.ActiveCfg = GF80B2A_BBTEST|Win32
		{BA08F2F3-FC88-4598-BB22-7875DE68230E}.GF80B2A_BBTEST|Win32.Build.0 = GF80B2A_BBTEST|Win32
		{BA08F2F3-FC88-4598-BB22-7875DE68230E}.GF80B2A_CAMERA|Win32.ActiveCfg = GF80B2A_CAMERA|Win32
		{BA08F2F3-FC88-4598-BB22-7875DE68230E}.GF80B2A_CAMERA|Win32.Build.0 = GF80B2A_CAMERA|Win32
		{BA08F2F3-FC88-4598-BB22-7875DE68230E}.GF80B2A_MMI_BB|Win32.ActiveCfg = GF80B2A_MMI_BB|Win32
		{BA08F2F3-FC88-4598-BB22-7875DE68230E}.GF80B2A_MMI_BB|Win32.Build.0 = GF80B2A_MMI_BB|Win32
		{BA08F2F3-FC88-4598-BB22-7875DE68230E}.GF80B2A_MMI_EM|Win32.ActiveCfg = GF80B2A_MMI_EM|Win32
		{BA08F2F3-FC88-4598-BB22-7875DE68230E}.GF80B2A_MMI_EM|Win32.Build.0 = GF80B2A_MMI_EM|Win32
		{BA08F2F3-FC88-4598-BB22-7875DE68230E}.GF80B2A_RUN_IN|Win32.ActiveCfg = GF80B2A_RUN_IN|Win32
		{BA08F2F3-FC88-4598-BB22-7875DE68230E}.GF80B2A_RUN_IN|Win32.Build.0 = GF80B2A_RUN_IN|Win32
		{BA08F2F3-FC88-4598-BB22-7875DE68230E}.Release|Win32.ActiveCfg = Release|Win32
		{BA08F2F3-FC88-4598-BB22-7875DE68230E}.Release|Win32.Build.0 = Release|Win32
		{34BD04BD-BC1D-4BFC-AAFC-ED02D9E960F1}.Debug|Win32.ActiveCfg = Debug|Win32
		{34BD04BD-BC1D-4BFC-AAFC-ED02D9E960F1}.Debug|Win32.Build.0 = Debug|Win32
		{34BD04BD-BC1D-4BFC-AAFC-ED02D9E960F1}.FT_Debug|Win32.ActiveCfg = Debug|Win32
		{34BD04BD-BC1D-4BFC-AAFC-ED02D9E960F1}.FT_Debug|Win32.Build.0 = Debug|Win32
		{34BD04BD-BC1D-4BFC-AAFC-ED02D9E960F1}.FT_Release|Win32.ActiveCfg = Release|Win32
		{34BD04BD-BC1D-4BFC-AAFC-ED02D9E960F1}.FT_Release|Win32.Build.0 = Release|Win32
		{34BD04BD-BC1D-4BFC-AAFC-ED02D9E960F1}.GF80B1A_ALS|Win32.ActiveCfg = GF80B1A_ALS|Win32
		{34BD04BD-BC1D-4BFC-AAFC-ED02D9E960F1}.GF80B1A_ALS|Win32.Build.0 = GF80B1A_ALS|Win32
		{34BD04BD-BC1D-4BFC-AAFC-ED02D9E960F1}.GF80B1A_AUDIO|Win32.ActiveCfg = GF80B1A_AUDIO|Win32
		{34BD04BD-BC1D-4BFC-AAFC-ED02D9E960F1}.GF80B1A_AUDIO|Win32.Build.0 = GF80B1A_AUDIO|Win32
		{34BD04BD-BC1D-4BFC-AAFC-ED02D9E960F1}.GF80B1A_BBTEST|Win32.ActiveCfg = Release|Win32
		{34BD04BD-BC1D-4BFC-AAFC-ED02D9E960F1}.GF80B1A_BBTEST|Win32.Build.0 = Release|Win32
		{34BD04BD-BC1D-4BFC-AAFC-ED02D9E960F1}.GF80B1A_CAMERA|Win32.ActiveCfg = Release|Win32
		{34BD04BD-BC1D-4BFC-AAFC-ED02D9E960F1}.GF80B1A_CAMERA|Win32.Build.0 = Release|Win32
		{34BD04BD-BC1D-4BFC-AAFC-ED02D9E960F1}.GF80B1A_MMI_BB|Win32.ActiveCfg = GF80B1A_MMI_BB|Win32
		{34BD04BD-BC1D-4BFC-AAFC-ED02D9E960F1}.GF80B1A_MMI_BB|Win32.Build.0 = GF80B1A_MMI_BB|Win32
		{34BD04BD-BC1D-4BFC-AAFC-ED02D9E960F1}.GF80B1A_MMI_EM|Win32.ActiveCfg = Release|Win32
		{34BD04BD-BC1D-4BFC-AAFC-ED02D9E960F1}.GF80B1A_MMI_EM|Win32.Build.0 = Release|Win32
		{34BD04BD-BC1D-4BFC-AAFC-ED02D9E960F1}.GF80B1A_RUN_IN|Win32.ActiveCfg = GF80B1A_RUN_IN|Win32
		{34BD04BD-BC1D-4BFC-AAFC-ED02D9E960F1}.GF80B1A_RUN_IN|Win32.Build.0 = GF80B1A_RUN_IN|Win32
		{34BD04BD-BC1D-4BFC-AAFC-ED02D9E960F1}.GF80B2A_ALS|Win32.ActiveCfg = GF80B2A_ALS|Win32
		{34BD04BD-BC1D-4BFC-AAFC-ED02D9E960F1}.GF80B2A_ALS|Win32.Build.0 = GF80B2A_ALS|Win32
		{34BD04BD-BC1D-4BFC-AAFC-ED02D9E960F1}.GF80B2A_BBTEST|Win32.ActiveCfg = Release|Win32
		{34BD04BD-BC1D-4BFC-AAFC-ED02D9E960F1}.GF80B2A_BBTEST|Win32.Build.0 = Release|Win32
		{34BD04BD-BC1D-4BFC-AAFC-ED02D9E960F1}.GF80B2A_CAMERA|Win32.ActiveCfg = Release|Win32
		{34BD04BD-BC1D-4BFC-AAFC-ED02D9E960F1}.GF80B2A_CAMERA|Win32.Build.0 = Release|Win32
		{34BD04BD-BC1D-4BFC-AAFC-ED02D9E960F1}.GF80B2A_MMI_BB|Win32.ActiveCfg = GF80B2A_MMI_BB|Win32
		{34BD04BD-BC1D-4BFC-AAFC-ED02D9E960F1}.GF80B2A_MMI_BB|Win32.Build.0 = GF80B2A_MMI_BB|Win32
		{34BD04BD-BC1D-4BFC-AAFC-ED02D9E960F1}.GF80B2A_MMI_EM|Win32.ActiveCfg = Release|Win32
		{34BD04BD-BC1D-4BFC-AAFC-ED02D9E960F1}.GF80B2A_MMI_EM|Win32.Build.0 = Release|Win32
		{34BD04BD-BC1D-4BFC-AAFC-ED02D9E960F1}.GF80B2A_RUN_IN|Win32.ActiveCfg = GF80B2A_RUN_IN|Win32
		{34BD04BD-BC1D-4BFC-AAFC-ED02D9E960F1}.GF80B2A_RUN_IN|Win32.Build.0 = GF80B2A_RUN_IN|Win32
		{34BD04BD-BC1D-4BFC-AAFC-ED02D9E960F1}.Release|Win32.ActiveCfg = Release|Win32
		{34BD04BD-BC1D-4BFC-AAFC-ED02D9E960F1}.Release|Win32.Build.0 = Release|Win32
		{3C68B18C-9CA8-4DF8-8F08-041957666926}.Debug|Win32.ActiveCfg = Debug|Win32
		{3C68B18C-9CA8-4DF8-8F08-041957666926}.Debug|Win32.Build.0 = Debug|Win32
		{3C68B18C-9CA8-4DF8-8F08-041957666926}.FT_Debug|Win32.ActiveCfg = Debug|Win32
		{3C68B18C-9CA8-4DF8-8F08-041957666926}.FT_Debug|Win32.Build.0 = Debug|Win32
		{3C68B18C-9CA8-4DF8-8F08-041957666926}.FT_Release|Win32.ActiveCfg = Release|Win32
		{3C68B18C-9CA8-4DF8-8F08-041957666926}.FT_Release|Win32.Build.0 = Release|Win32
		{3C68B18C-9CA8-4DF8-8F08-041957666926}.GF80B1A_ALS|Win32.ActiveCfg = GF80B1A_ALS|Win32
		{3C68B18C-9CA8-4DF8-8F08-041957666926}.GF80B1A_ALS|Win32.Build.0 = GF80B1A_ALS|Win32
		{3C68B18C-9CA8-4DF8-8F08-041957666926}.GF80B1A_AUDIO|Win32.ActiveCfg = GF80B1A_AUDIO|Win32
		{3C68B18C-9CA8-4DF8-8F08-041957666926}.GF80B1A_AUDIO|Win32.Build.0 = GF80B1A_AUDIO|Win32
		{3C68B18C-9CA8-4DF8-8F08-041957666926}.GF80B1A_BBTEST|Win32.ActiveCfg = GF80B1A_AUDIO|Win32
		{3C68B18C-9CA8-4DF8-8F08-041957666926}.GF80B1A_BBTEST|Win32.Build.0 = GF80B1A_AUDIO|Win32
		{3C68B18C-9CA8-4DF8-8F08-041957666926}.GF80B1A_CAMERA|Win32.ActiveCfg = GF80B1A_AUDIO|Win32
		{3C68B18C-9CA8-4DF8-8F08-041957666926}.GF80B1A_CAMERA|Win32.Build.0 = GF80B1A_AUDIO|Win32
		{3C68B18C-9CA8-4DF8-8F08-041957666926}.GF80B1A_MMI_BB|Win32.ActiveCfg = GF80B1A_MMI_BB|Win32
		{3C68B18C-9CA8-4DF8-8F08-041957666926}.GF80B1A_MMI_BB|Win32.Build.0 = GF80B1A_MMI_BB|Win32
		{3C68B18C-9CA8-4DF8-8F08-041957666926}.GF80B1A_MMI_EM|Win32.ActiveCfg = GF80B1A_MMI_BB|Win32
		{3C68B18C-9CA8-4DF8-8F08-041957666926}.GF80B1A_MMI_EM|Win32.Build.0 = GF80B1A_MMI_BB|Win32
		{3C68B18C-9CA8-4DF8-8F08-041957666926}.GF80B1A_RUN_IN|Win32.ActiveCfg = GF80B1A_RUN_IN|Win32
		{3C68B18C-9CA8-4DF8-8F08-041957666926}.GF80B1A_RUN_IN|Win32.Build.0 = GF80B1A_RUN_IN|Win32
		{3C68B18C-9CA8-4DF8-8F08-041957666926}.GF80B2A_ALS|Win32.ActiveCfg = GF80B2A_ALS|Win32
		{3C68B18C-9CA8-4DF8-8F08-041957666926}.GF80B2A_ALS|Win32.Build.0 = GF80B2A_ALS|Win32
		{3C68B18C-9CA8-4DF8-8F08-041957666926}.GF80B2A_BBTEST|Win32.ActiveCfg = GF80B2A_RUN_IN|Win32
		{3C68B18C-9CA8-4DF8-8F08-041957666926}.GF80B2A_BBTEST|Win32.Build.0 = GF80B2A_RUN_IN|Win32
		{3C68B18C-9CA8-4DF8-8F08-041957666926}.GF80B2A_CAMERA|Win32.ActiveCfg = GF80B2A_RUN_IN|Win32
		{3C68B18C-9CA8-4DF8-8F08-041957666926}.GF80B2A_CAMERA|Win32.Build.0 = GF80B2A_RUN_IN|Win32
		{3C68B18C-9CA8-4DF8-8F08-041957666926}.GF80B2A_MMI_BB|Win32.ActiveCfg = GF80B2A_MMI_BB|Win32
		{3C68B18C-9CA8-4DF8-8F08-041957666926}.GF80B2A_MMI_BB|Win32.Build.0 = GF80B2A_MMI_BB|Win32
		{3C68B18C-9CA8-4DF8-8F08-041957666926}.GF80B2A_MMI_EM|Win32.ActiveCfg = GF80B2A_MMI_BB|Win32
		{3C68B18C-9CA8-4DF8-8F08-041957666926}.GF80B2A_MMI_EM|Win32.Build.0 = GF80B2A_MMI_BB|Win32
		{3C68B18C-9CA8-4DF8-8F08-041957666926}.GF80B2A_RUN_IN|Win32.ActiveCfg = GF80B2A_RUN_IN|Win32
		{3C68B18C-9CA8-4DF8-8F08-041957666926}.GF80B2A_RUN_IN|Win32.Build.0 = GF80B2A_RUN_IN|Win32
		{3C68B18C-9CA8-4DF8-8F08-041957666926}.Release|Win32.ActiveCfg = Release|Win32
		{3C68B18C-9CA8-4DF8-8F08-041957666926}.Release|Win32.Build.0 = Release|Win32
	EndGlobalSection
	GlobalSection(SolutionProperties) = preSolution
		HideSolutionNode = FALSE
	EndGlobalSection
EndGlobal
