
Microsoft Visual Studio Solution File, Format Version 10.00
# Visual Studio 2008
Project("{8BC9CEB8-8B4A-11D0-8D11-00A0C91BC942}") = "UnifyDLL_IMEI", "..\Modules\UnifyDLL_IMEI_New\UnifyDLL_IMEI.vcproj", "{51FD8463-C2A9-4F06-A7D6-9872243CB9B8}"
	ProjectSection(ProjectDependencies) = postProject
		{34BD04BD-BC1D-4BFC-AAFC-ED02D9E960F1} = {34BD04BD-BC1D-4BFC-AAFC-ED02D9E960F1}
	EndProjectSection
EndProject
Project("{8BC9CEB8-8B4A-11D0-8D11-00A0C91BC942}") = "libglog", "..\Modules\Common\Glog\vsprojects\libglog\libglog.vcproj", "{34BD04BD-BC1D-4BFC-AAFC-ED02D9E960F1}"
EndProject
Global
	GlobalSection(SolutionConfigurationPlatforms) = preSolution
		Debug|Win32 = Debug|Win32
		GF80B1A_FCHECK|Win32 = GF80B1A_FCHECK|Win32
		GF80B1A_IMEI_Offline|Win32 = GF80B1A_IMEI_Offline|Win32
		GF80B1A_IMEI|Win32 = GF80B1A_IMEI|Win32
		GF80B2A_FCHECK|Win32 = GF80B2A_FCHECK|Win32
		GF80B2A_IMEI|Win32 = GF80B2A_IMEI|Win32
		GT05B1A_FCHECK|Win32 = GT05B1A_FCHECK|Win32
		GT05B1A_IMEI|Win32 = GT05B1A_IMEI|Win32
		GT05B2A_FCHECK|Win32 = GT05B2A_FCHECK|Win32
		GT05B2A_IMEI|Win32 = GT05B2A_IMEI|Win32
		GT05B3A_FCHECK|Win32 = GT05B3A_FCHECK|Win32
		GT05B3A_IMEI|Win32 = GT05B3A_IMEI|Win32
		GT05B4A_FCHECK|Win32 = GT05B4A_FCHECK|Win32
		GT05B4A_IMEI|Win32 = GT05B4A_IMEI|Win32
		GT05B5A_FCHECK|Win32 = GT05B5A_FCHECK|Win32
		GT05B5A_IMEI|Win32 = GT05B5A_IMEI|Win32
		GT47B1A_FCHECK|Win32 = GT47B1A_FCHECK|Win32
		GT47B1A_IMEI|Win32 = GT47B1A_IMEI|Win32
		GT47B2A_FCHECK|Win32 = GT47B2A_FCHECK|Win32
		GT47B2A_IMEI|Win32 = GT47B2A_IMEI|Win32
		Release|Win32 = Release|Win32
	EndGlobalSection
	GlobalSection(ProjectConfigurationPlatforms) = postSolution
		{51FD8463-C2A9-4F06-A7D6-9872243CB9B8}.Debug|Win32.ActiveCfg = Debug|Win32
		{51FD8463-C2A9-4F06-A7D6-9872243CB9B8}.Debug|Win32.Build.0 = Debug|Win32
		{51FD8463-C2A9-4F06-A7D6-9872243CB9B8}.GF80B1A_FCHECK|Win32.ActiveCfg = GF80B1A_FCHECK|Win32
		{51FD8463-C2A9-4F06-A7D6-9872243CB9B8}.GF80B1A_FCHECK|Win32.Build.0 = GF80B1A_FCHECK|Win32
		{51FD8463-C2A9-4F06-A7D6-9872243CB9B8}.GF80B1A_IMEI_Offline|Win32.ActiveCfg = GF80B1A_IMEI_Offline|Win32
		{51FD8463-C2A9-4F06-A7D6-9872243CB9B8}.GF80B1A_IMEI_Offline|Win32.Build.0 = GF80B1A_IMEI_Offline|Win32
		{51FD8463-C2A9-4F06-A7D6-9872243CB9B8}.GF80B1A_IMEI|Win32.ActiveCfg = GF80B1A_IMEI|Win32
		{51FD8463-C2A9-4F06-A7D6-9872243CB9B8}.GF80B1A_IMEI|Win32.Build.0 = GF80B1A_IMEI|Win32
		{51FD8463-C2A9-4F06-A7D6-9872243CB9B8}.GF80B2A_FCHECK|Win32.ActiveCfg = GF80B2A_FCHECK|Win32
		{51FD8463-C2A9-4F06-A7D6-9872243CB9B8}.GF80B2A_FCHECK|Win32.Build.0 = GF80B2A_FCHECK|Win32
		{51FD8463-C2A9-4F06-A7D6-9872243CB9B8}.GF80B2A_IMEI|Win32.ActiveCfg = GF80B2A_IMEI|Win32
		{51FD8463-C2A9-4F06-A7D6-9872243CB9B8}.GF80B2A_IMEI|Win32.Build.0 = GF80B2A_IMEI|Win32
		{51FD8463-C2A9-4F06-A7D6-9872243CB9B8}.GT05B1A_FCHECK|Win32.ActiveCfg = GT05B1A_FCHECK|Win32
		{51FD8463-C2A9-4F06-A7D6-9872243CB9B8}.GT05B1A_FCHECK|Win32.Build.0 = GT05B1A_FCHECK|Win32
		{51FD8463-C2A9-4F06-A7D6-9872243CB9B8}.GT05B1A_IMEI|Win32.ActiveCfg = GT05B1A_IMEI|Win32
		{51FD8463-C2A9-4F06-A7D6-9872243CB9B8}.GT05B1A_IMEI|Win32.Build.0 = GT05B1A_IMEI|Win32
		{51FD8463-C2A9-4F06-A7D6-9872243CB9B8}.GT05B2A_FCHECK|Win32.ActiveCfg = GT05B2A_FCHECK|Win32
		{51FD8463-C2A9-4F06-A7D6-9872243CB9B8}.GT05B2A_FCHECK|Win32.Build.0 = GT05B2A_FCHECK|Win32
		{51FD8463-C2A9-4F06-A7D6-9872243CB9B8}.GT05B2A_IMEI|Win32.ActiveCfg = GT05B2A_IMEI|Win32
		{51FD8463-C2A9-4F06-A7D6-9872243CB9B8}.GT05B2A_IMEI|Win32.Build.0 = GT05B2A_IMEI|Win32
		{51FD8463-C2A9-4F06-A7D6-9872243CB9B8}.GT05B3A_FCHECK|Win32.ActiveCfg = GT05B3A_FCHECK|Win32
		{51FD8463-C2A9-4F06-A7D6-9872243CB9B8}.GT05B3A_FCHECK|Win32.Build.0 = GT05B3A_FCHECK|Win32
		{51FD8463-C2A9-4F06-A7D6-9872243CB9B8}.GT05B3A_IMEI|Win32.ActiveCfg = GT05B3A_IMEI|Win32
		{51FD8463-C2A9-4F06-A7D6-9872243CB9B8}.GT05B3A_IMEI|Win32.Build.0 = GT05B3A_IMEI|Win32
		{51FD8463-C2A9-4F06-A7D6-9872243CB9B8}.GT05B4A_FCHECK|Win32.ActiveCfg = GT05B4A_FCHECK|Win32
		{51FD8463-C2A9-4F06-A7D6-9872243CB9B8}.GT05B4A_FCHECK|Win32.Build.0 = GT05B4A_FCHECK|Win32
		{51FD8463-C2A9-4F06-A7D6-9872243CB9B8}.GT05B4A_IMEI|Win32.ActiveCfg = GT05B4A_IMEI|Win32
		{51FD8463-C2A9-4F06-A7D6-9872243CB9B8}.GT05B4A_IMEI|Win32.Build.0 = GT05B4A_IMEI|Win32
		{51FD8463-C2A9-4F06-A7D6-9872243CB9B8}.GT05B5A_FCHECK|Win32.ActiveCfg = GT05B5A_FCHECK|Win32
		{51FD8463-C2A9-4F06-A7D6-9872243CB9B8}.GT05B5A_FCHECK|Win32.Build.0 = GT05B5A_FCHECK|Win32
		{51FD8463-C2A9-4F06-A7D6-9872243CB9B8}.GT05B5A_IMEI|Win32.ActiveCfg = GT05B5A_IMEI|Win32
		{51FD8463-C2A9-4F06-A7D6-9872243CB9B8}.GT05B5A_IMEI|Win32.Build.0 = GT05B5A_IMEI|Win32
		{51FD8463-C2A9-4F06-A7D6-9872243CB9B8}.GT47B1A_FCHECK|Win32.ActiveCfg = GT47B1A_FCHECK|Win32
		{51FD8463-C2A9-4F06-A7D6-9872243CB9B8}.GT47B1A_FCHECK|Win32.Build.0 = GT47B1A_FCHECK|Win32
		{51FD8463-C2A9-4F06-A7D6-9872243CB9B8}.GT47B1A_IMEI|Win32.ActiveCfg = GT47B1A_IMEI|Win32
		{51FD8463-C2A9-4F06-A7D6-9872243CB9B8}.GT47B1A_IMEI|Win32.Build.0 = GT47B1A_IMEI|Win32
		{51FD8463-C2A9-4F06-A7D6-9872243CB9B8}.GT47B2A_FCHECK|Win32.ActiveCfg = GT47B2A_FCHECK|Win32
		{51FD8463-C2A9-4F06-A7D6-9872243CB9B8}.GT47B2A_FCHECK|Win32.Build.0 = GT47B2A_FCHECK|Win32
		{51FD8463-C2A9-4F06-A7D6-9872243CB9B8}.GT47B2A_IMEI|Win32.ActiveCfg = GT47B2A_IMEI|Win32
		{51FD8463-C2A9-4F06-A7D6-9872243CB9B8}.GT47B2A_IMEI|Win32.Build.0 = GT47B2A_IMEI|Win32
		{51FD8463-C2A9-4F06-A7D6-9872243CB9B8}.Release|Win32.ActiveCfg = Release|Win32
		{51FD8463-C2A9-4F06-A7D6-9872243CB9B8}.Release|Win32.Build.0 = Release|Win32
		{34BD04BD-BC1D-4BFC-AAFC-ED02D9E960F1}.Debug|Win32.ActiveCfg = Debug|Win32
		{34BD04BD-BC1D-4BFC-AAFC-ED02D9E960F1}.Debug|Win32.Build.0 = Debug|Win32
		{34BD04BD-BC1D-4BFC-AAFC-ED02D9E960F1}.GF80B1A_FCHECK|Win32.ActiveCfg = Release|Win32
		{34BD04BD-BC1D-4BFC-AAFC-ED02D9E960F1}.GF80B1A_FCHECK|Win32.Build.0 = Release|Win32
		{34BD04BD-BC1D-4BFC-AAFC-ED02D9E960F1}.GF80B1A_IMEI_Offline|Win32.ActiveCfg = Release|Win32
		{34BD04BD-BC1D-4BFC-AAFC-ED02D9E960F1}.GF80B1A_IMEI_Offline|Win32.Build.0 = Release|Win32
		{34BD04BD-BC1D-4BFC-AAFC-ED02D9E960F1}.GF80B1A_IMEI|Win32.ActiveCfg = Release|Win32
		{34BD04BD-BC1D-4BFC-AAFC-ED02D9E960F1}.GF80B1A_IMEI|Win32.Build.0 = Release|Win32
		{34BD04BD-BC1D-4BFC-AAFC-ED02D9E960F1}.GF80B2A_FCHECK|Win32.ActiveCfg = Release|Win32
		{34BD04BD-BC1D-4BFC-AAFC-ED02D9E960F1}.GF80B2A_FCHECK|Win32.Build.0 = Release|Win32
		{34BD04BD-BC1D-4BFC-AAFC-ED02D9E960F1}.GF80B2A_IMEI|Win32.ActiveCfg = Release|Win32
		{34BD04BD-BC1D-4BFC-AAFC-ED02D9E960F1}.GF80B2A_IMEI|Win32.Build.0 = Release|Win32
		{34BD04BD-BC1D-4BFC-AAFC-ED02D9E960F1}.GT05B1A_FCHECK|Win32.ActiveCfg = Release|Win32
		{34BD04BD-BC1D-4BFC-AAFC-ED02D9E960F1}.GT05B1A_FCHECK|Win32.Build.0 = Release|Win32
		{34BD04BD-BC1D-4BFC-AAFC-ED02D9E960F1}.GT05B1A_IMEI|Win32.ActiveCfg = Release|Win32
		{34BD04BD-BC1D-4BFC-AAFC-ED02D9E960F1}.GT05B1A_IMEI|Win32.Build.0 = Release|Win32
		{34BD04BD-BC1D-4BFC-AAFC-ED02D9E960F1}.GT05B2A_FCHECK|Win32.ActiveCfg = Release|Win32
		{34BD04BD-BC1D-4BFC-AAFC-ED02D9E960F1}.GT05B2A_FCHECK|Win32.Build.0 = Release|Win32
		{34BD04BD-BC1D-4BFC-AAFC-ED02D9E960F1}.GT05B2A_IMEI|Win32.ActiveCfg = Release|Win32
		{34BD04BD-BC1D-4BFC-AAFC-ED02D9E960F1}.GT05B2A_IMEI|Win32.Build.0 = Release|Win32
		{34BD04BD-BC1D-4BFC-AAFC-ED02D9E960F1}.GT05B3A_FCHECK|Win32.ActiveCfg = Release|Win32
		{34BD04BD-BC1D-4BFC-AAFC-ED02D9E960F1}.GT05B3A_FCHECK|Win32.Build.0 = Release|Win32
		{34BD04BD-BC1D-4BFC-AAFC-ED02D9E960F1}.GT05B3A_IMEI|Win32.ActiveCfg = Release|Win32
		{34BD04BD-BC1D-4BFC-AAFC-ED02D9E960F1}.GT05B3A_IMEI|Win32.Build.0 = Release|Win32
		{34BD04BD-BC1D-4BFC-AAFC-ED02D9E960F1}.GT05B4A_FCHECK|Win32.ActiveCfg = Release|Win32
		{34BD04BD-BC1D-4BFC-AAFC-ED02D9E960F1}.GT05B4A_FCHECK|Win32.Build.0 = Release|Win32
		{34BD04BD-BC1D-4BFC-AAFC-ED02D9E960F1}.GT05B4A_IMEI|Win32.ActiveCfg = Release|Win32
		{34BD04BD-BC1D-4BFC-AAFC-ED02D9E960F1}.GT05B4A_IMEI|Win32.Build.0 = Release|Win32
		{34BD04BD-BC1D-4BFC-AAFC-ED02D9E960F1}.GT05B5A_FCHECK|Win32.ActiveCfg = Release|Win32
		{34BD04BD-BC1D-4BFC-AAFC-ED02D9E960F1}.GT05B5A_FCHECK|Win32.Build.0 = Release|Win32
		{34BD04BD-BC1D-4BFC-AAFC-ED02D9E960F1}.GT05B5A_IMEI|Win32.ActiveCfg = Release|Win32
		{34BD04BD-BC1D-4BFC-AAFC-ED02D9E960F1}.GT05B5A_IMEI|Win32.Build.0 = Release|Win32
		{34BD04BD-BC1D-4BFC-AAFC-ED02D9E960F1}.GT47B1A_FCHECK|Win32.ActiveCfg = Release|Win32
		{34BD04BD-BC1D-4BFC-AAFC-ED02D9E960F1}.GT47B1A_FCHECK|Win32.Build.0 = Release|Win32
		{34BD04BD-BC1D-4BFC-AAFC-ED02D9E960F1}.GT47B1A_IMEI|Win32.ActiveCfg = Release|Win32
		{34BD04BD-BC1D-4BFC-AAFC-ED02D9E960F1}.GT47B1A_IMEI|Win32.Build.0 = Release|Win32
		{34BD04BD-BC1D-4BFC-AAFC-ED02D9E960F1}.GT47B2A_FCHECK|Win32.ActiveCfg = Release|Win32
		{34BD04BD-BC1D-4BFC-AAFC-ED02D9E960F1}.GT47B2A_FCHECK|Win32.Build.0 = Release|Win32
		{34BD04BD-BC1D-4BFC-AAFC-ED02D9E960F1}.GT47B2A_IMEI|Win32.ActiveCfg = Release|Win32
		{34BD04BD-BC1D-4BFC-AAFC-ED02D9E960F1}.GT47B2A_IMEI|Win32.Build.0 = Release|Win32
		{34BD04BD-BC1D-4BFC-AAFC-ED02D9E960F1}.Release|Win32.ActiveCfg = Release|Win32
		{34BD04BD-BC1D-4BFC-AAFC-ED02D9E960F1}.Release|Win32.Build.0 = Release|Win32
	EndGlobalSection
	GlobalSection(SolutionProperties) = preSolution
		HideSolutionNode = FALSE
	EndGlobalSection
EndGlobal
