
Microsoft Visual Studio Solution File, Format Version 10.00
# Visual Studio 2008
Project("{8BC9CEB8-8B4A-11D0-8D11-00A0C91BC942}") = "libglog", "..\Modules\Common\Glog\vsprojects\libglog\libglog.vcproj", "{34BD04BD-BC1D-4BFC-AAFC-ED02D9E960F1}"
EndProject
Project("{8BC9CEB8-8B4A-11D0-8D11-00A0C91BC942}") = "UnifyDLL_RF_U2416_WLS", "..\Modules\UnifyDLL_RF_U2416_WLS\UnifyDLL_RF_U2416_WLS.vcproj", "{23576B29-A48E-46BE-A0CC-2BF043868676}"
	ProjectSection(ProjectDependencies) = postProject
		{34BD04BD-BC1D-4BFC-AAFC-ED02D9E960F1} = {34BD04BD-BC1D-4BFC-AAFC-ED02D9E960F1}
	EndProjectSection
EndProject
Project("{8BC9CEB8-8B4A-11D0-8D11-00A0C91BC942}") = "ServiceToolAdapter", "..\Modules\ServiceToolAdapter_F5\ServiceToolAdapter.vcproj", "{3C68B18C-9CA8-4DF8-8F08-041957666926}"
EndProject
Global
	GlobalSection(SolutionConfigurationPlatforms) = preSolution
		Debug|Win32 = Debug|Win32
		GF80B1A_BTWLAN|Win32 = GF80B1A_BTWLAN|Win32
		GF80B1A_ONLINE_WLS|Win32 = GF80B1A_ONLINE_WLS|Win32
		GF80B2A_ONLINE_WLS|Win32 = GF80B2A_ONLINE_WLS|Win32
		RD_MODE|Win32 = RD_MODE|Win32
		Release|Win32 = Release|Win32
		RF_Debug|Win32 = RF_Debug|Win32
		RF_Release|Win32 = RF_Release|Win32
		TS_MODE|Win32 = TS_MODE|Win32
	EndGlobalSection
	GlobalSection(ProjectConfigurationPlatforms) = postSolution
		{34BD04BD-BC1D-4BFC-AAFC-ED02D9E960F1}.Debug|Win32.ActiveCfg = Debug|Win32
		{34BD04BD-BC1D-4BFC-AAFC-ED02D9E960F1}.Debug|Win32.Build.0 = Debug|Win32
		{34BD04BD-BC1D-4BFC-AAFC-ED02D9E960F1}.GF80B1A_BTWLAN|Win32.ActiveCfg = Release|Win32
		{34BD04BD-BC1D-4BFC-AAFC-ED02D9E960F1}.GF80B1A_BTWLAN|Win32.Build.0 = Release|Win32
		{34BD04BD-BC1D-4BFC-AAFC-ED02D9E960F1}.GF80B1A_ONLINE_WLS|Win32.ActiveCfg = Release|Win32
		{34BD04BD-BC1D-4BFC-AAFC-ED02D9E960F1}.GF80B1A_ONLINE_WLS|Win32.Build.0 = Release|Win32
		{34BD04BD-BC1D-4BFC-AAFC-ED02D9E960F1}.GF80B2A_ONLINE_WLS|Win32.ActiveCfg = Release|Win32
		{34BD04BD-BC1D-4BFC-AAFC-ED02D9E960F1}.GF80B2A_ONLINE_WLS|Win32.Build.0 = Release|Win32
		{34BD04BD-BC1D-4BFC-AAFC-ED02D9E960F1}.RD_MODE|Win32.ActiveCfg = Release|Win32
		{34BD04BD-BC1D-4BFC-AAFC-ED02D9E960F1}.RD_MODE|Win32.Build.0 = Release|Win32
		{34BD04BD-BC1D-4BFC-AAFC-ED02D9E960F1}.Release|Win32.ActiveCfg = Release|Win32
		{34BD04BD-BC1D-4BFC-AAFC-ED02D9E960F1}.Release|Win32.Build.0 = Release|Win32
		{34BD04BD-BC1D-4BFC-AAFC-ED02D9E960F1}.RF_Debug|Win32.ActiveCfg = Debug|Win32
		{34BD04BD-BC1D-4BFC-AAFC-ED02D9E960F1}.RF_Debug|Win32.Build.0 = Debug|Win32
		{34BD04BD-BC1D-4BFC-AAFC-ED02D9E960F1}.RF_Release|Win32.ActiveCfg = Release|Win32
		{34BD04BD-BC1D-4BFC-AAFC-ED02D9E960F1}.RF_Release|Win32.Build.0 = Release|Win32
		{34BD04BD-BC1D-4BFC-AAFC-ED02D9E960F1}.TS_MODE|Win32.ActiveCfg = Release|Win32
		{34BD04BD-BC1D-4BFC-AAFC-ED02D9E960F1}.TS_MODE|Win32.Build.0 = Release|Win32
		{23576B29-A48E-46BE-A0CC-2BF043868676}.Debug|Win32.ActiveCfg = Debug|Win32
		{23576B29-A48E-46BE-A0CC-2BF043868676}.Debug|Win32.Build.0 = Debug|Win32
		{23576B29-A48E-46BE-A0CC-2BF043868676}.GF80B1A_BTWLAN|Win32.ActiveCfg = GF80B1A_BTWLAN|Win32
		{23576B29-A48E-46BE-A0CC-2BF043868676}.GF80B1A_BTWLAN|Win32.Build.0 = GF80B1A_BTWLAN|Win32
		{23576B29-A48E-46BE-A0CC-2BF043868676}.GF80B1A_ONLINE_WLS|Win32.ActiveCfg = GF80B1A_ONLINE_WLS|Win32
		{23576B29-A48E-46BE-A0CC-2BF043868676}.GF80B1A_ONLINE_WLS|Win32.Build.0 = GF80B1A_ONLINE_WLS|Win32
		{23576B29-A48E-46BE-A0CC-2BF043868676}.GF80B2A_ONLINE_WLS|Win32.ActiveCfg = GF80B2A_ONLINE_WLS|Win32
		{23576B29-A48E-46BE-A0CC-2BF043868676}.GF80B2A_ONLINE_WLS|Win32.Build.0 = GF80B2A_ONLINE_WLS|Win32
		{23576B29-A48E-46BE-A0CC-2BF043868676}.RD_MODE|Win32.ActiveCfg = Release|Win32
		{23576B29-A48E-46BE-A0CC-2BF043868676}.RD_MODE|Win32.Build.0 = Release|Win32
		{23576B29-A48E-46BE-A0CC-2BF043868676}.Release|Win32.ActiveCfg = Release|Win32
		{23576B29-A48E-46BE-A0CC-2BF043868676}.Release|Win32.Build.0 = Release|Win32
		{23576B29-A48E-46BE-A0CC-2BF043868676}.RF_Debug|Win32.ActiveCfg = RF_Debug|Win32
		{23576B29-A48E-46BE-A0CC-2BF043868676}.RF_Debug|Win32.Build.0 = RF_Debug|Win32
		{23576B29-A48E-46BE-A0CC-2BF043868676}.RF_Release|Win32.ActiveCfg = RF_Release|Win32
		{23576B29-A48E-46BE-A0CC-2BF043868676}.RF_Release|Win32.Build.0 = RF_Release|Win32
		{23576B29-A48E-46BE-A0CC-2BF043868676}.TS_MODE|Win32.ActiveCfg = Release|Win32
		{23576B29-A48E-46BE-A0CC-2BF043868676}.TS_MODE|Win32.Build.0 = Release|Win32
		{3C68B18C-9CA8-4DF8-8F08-041957666926}.Debug|Win32.ActiveCfg = Debug|Win32
		{3C68B18C-9CA8-4DF8-8F08-041957666926}.Debug|Win32.Build.0 = Debug|Win32
		{3C68B18C-9CA8-4DF8-8F08-041957666926}.GF80B1A_BTWLAN|Win32.ActiveCfg = Release|Win32
		{3C68B18C-9CA8-4DF8-8F08-041957666926}.GF80B1A_BTWLAN|Win32.Build.0 = Release|Win32
		{3C68B18C-9CA8-4DF8-8F08-041957666926}.GF80B1A_ONLINE_WLS|Win32.ActiveCfg = Release|Win32
		{3C68B18C-9CA8-4DF8-8F08-041957666926}.GF80B1A_ONLINE_WLS|Win32.Build.0 = Release|Win32
		{3C68B18C-9CA8-4DF8-8F08-041957666926}.GF80B2A_ONLINE_WLS|Win32.ActiveCfg = Release|Win32
		{3C68B18C-9CA8-4DF8-8F08-041957666926}.GF80B2A_ONLINE_WLS|Win32.Build.0 = Release|Win32
		{3C68B18C-9CA8-4DF8-8F08-041957666926}.RD_MODE|Win32.ActiveCfg = Release|Win32
		{3C68B18C-9CA8-4DF8-8F08-041957666926}.RD_MODE|Win32.Build.0 = Release|Win32
		{3C68B18C-9CA8-4DF8-8F08-041957666926}.Release|Win32.ActiveCfg = Release|Win32
		{3C68B18C-9CA8-4DF8-8F08-041957666926}.Release|Win32.Build.0 = Release|Win32
		{3C68B18C-9CA8-4DF8-8F08-041957666926}.RF_Debug|Win32.ActiveCfg = Debug|Win32
		{3C68B18C-9CA8-4DF8-8F08-041957666926}.RF_Debug|Win32.Build.0 = Debug|Win32
		{3C68B18C-9CA8-4DF8-8F08-041957666926}.RF_Release|Win32.ActiveCfg = Release|Win32
		{3C68B18C-9CA8-4DF8-8F08-041957666926}.RF_Release|Win32.Build.0 = Release|Win32
		{3C68B18C-9CA8-4DF8-8F08-041957666926}.TS_MODE|Win32.ActiveCfg = Release|Win32
		{3C68B18C-9CA8-4DF8-8F08-041957666926}.TS_MODE|Win32.Build.0 = Release|Win32
	EndGlobalSection
	GlobalSection(SolutionProperties) = preSolution
		HideSolutionNode = FALSE
	EndGlobalSection
EndGlobal
