
Microsoft Visual Studio Solution File, Format Version 10.00
# Visual Studio 2008
Project("{8BC9CEB8-8B4A-11D0-8D11-00A0C91BC942}") = "UnifyUI_FacTestTool", "..\UI\UnifyUI_FacTestTool\UnifyUI_FacTestTool.vcproj", "{FFBDF5CB-ACA7-4DEF-9302-A4384F1F14BF}"
EndProject
Project("{8BC9CEB8-8B4A-11D0-8D11-00A0C91BC942}") = "DBAccess", "..\Modules\DBAccess\DBAccess.vcproj", "{1A1074A8-AB23-40E5-ACC4-14027778871E}"
EndProject
Project("{8BC9CEB8-8B4A-11D0-8D11-00A0C91BC942}") = "VMS_DBAccess", "..\Modules\VMS_DBAccess\VMS_DBAccess.vcproj", "{AFF1ACF3-C295-489F-B56B-5A04713E323E}"
EndProject
Project("{8BC9CEB8-8B4A-11D0-8D11-00A0C91BC942}") = "ErrCodeGenerator", "..\Modules\Common\ErrCodeGenerator\ErrCodeGenerator.vcproj", "{46B1E281-4AC1-4902-81D5-780C3E28E1D0}"
	ProjectSection(ProjectDependencies) = postProject
		{1A1074A8-AB23-40E5-ACC4-14027778871E} = {1A1074A8-AB23-40E5-ACC4-14027778871E}
	EndProjectSection
EndProject
Global
	GlobalSection(SolutionConfigurationPlatforms) = preSolution
		Debug|Win32 = Debug|Win32
		FACTORY|Win32 = FACTORY|Win32
		RD_MODE|Win32 = RD_MODE|Win32
		Release|Win32 = Release|Win32
		TS_MODE|Win32 = TS_MODE|Win32
	EndGlobalSection
	GlobalSection(ProjectConfigurationPlatforms) = postSolution
		{FFBDF5CB-ACA7-4DEF-9302-A4384F1F14BF}.Debug|Win32.ActiveCfg = Debug|Win32
		{FFBDF5CB-ACA7-4DEF-9302-A4384F1F14BF}.Debug|Win32.Build.0 = Debug|Win32
		{FFBDF5CB-ACA7-4DEF-9302-A4384F1F14BF}.FACTORY|Win32.ActiveCfg = Release|Win32
		{FFBDF5CB-ACA7-4DEF-9302-A4384F1F14BF}.FACTORY|Win32.Build.0 = Release|Win32
		{FFBDF5CB-ACA7-4DEF-9302-A4384F1F14BF}.RD_MODE|Win32.ActiveCfg = RD_MODE|Win32
		{FFBDF5CB-ACA7-4DEF-9302-A4384F1F14BF}.RD_MODE|Win32.Build.0 = RD_MODE|Win32
		{FFBDF5CB-ACA7-4DEF-9302-A4384F1F14BF}.Release|Win32.ActiveCfg = Release|Win32
		{FFBDF5CB-ACA7-4DEF-9302-A4384F1F14BF}.Release|Win32.Build.0 = Release|Win32
		{FFBDF5CB-ACA7-4DEF-9302-A4384F1F14BF}.TS_MODE|Win32.ActiveCfg = TS_MODE|Win32
		{FFBDF5CB-ACA7-4DEF-9302-A4384F1F14BF}.TS_MODE|Win32.Build.0 = TS_MODE|Win32
		{1A1074A8-AB23-40E5-ACC4-14027778871E}.Debug|Win32.ActiveCfg = Debug|Win32
		{1A1074A8-AB23-40E5-ACC4-14027778871E}.Debug|Win32.Build.0 = Debug|Win32
		{1A1074A8-AB23-40E5-ACC4-14027778871E}.FACTORY|Win32.ActiveCfg = Release|Win32
		{1A1074A8-AB23-40E5-ACC4-14027778871E}.FACTORY|Win32.Build.0 = Release|Win32
		{1A1074A8-AB23-40E5-ACC4-14027778871E}.RD_MODE|Win32.ActiveCfg = Release|Win32
		{1A1074A8-AB23-40E5-ACC4-14027778871E}.RD_MODE|Win32.Build.0 = Release|Win32
		{1A1074A8-AB23-40E5-ACC4-14027778871E}.Release|Win32.ActiveCfg = Release|Win32
		{1A1074A8-AB23-40E5-ACC4-14027778871E}.Release|Win32.Build.0 = Release|Win32
		{1A1074A8-AB23-40E5-ACC4-14027778871E}.TS_MODE|Win32.ActiveCfg = Release|Win32
		{1A1074A8-AB23-40E5-ACC4-14027778871E}.TS_MODE|Win32.Build.0 = Release|Win32
		{AFF1ACF3-C295-489F-B56B-5A04713E323E}.Debug|Win32.ActiveCfg = Debug|Win32
		{AFF1ACF3-C295-489F-B56B-5A04713E323E}.Debug|Win32.Build.0 = Debug|Win32
		{AFF1ACF3-C295-489F-B56B-5A04713E323E}.FACTORY|Win32.ActiveCfg = Release|Win32
		{AFF1ACF3-C295-489F-B56B-5A04713E323E}.FACTORY|Win32.Build.0 = Release|Win32
		{AFF1ACF3-C295-489F-B56B-5A04713E323E}.RD_MODE|Win32.ActiveCfg = Release|Win32
		{AFF1ACF3-C295-489F-B56B-5A04713E323E}.RD_MODE|Win32.Build.0 = Release|Win32
		{AFF1ACF3-C295-489F-B56B-5A04713E323E}.Release|Win32.ActiveCfg = Release|Win32
		{AFF1ACF3-C295-489F-B56B-5A04713E323E}.Release|Win32.Build.0 = Release|Win32
		{AFF1ACF3-C295-489F-B56B-5A04713E323E}.TS_MODE|Win32.ActiveCfg = Release|Win32
		{AFF1ACF3-C295-489F-B56B-5A04713E323E}.TS_MODE|Win32.Build.0 = Release|Win32
		{46B1E281-4AC1-4902-81D5-780C3E28E1D0}.Debug|Win32.ActiveCfg = Debug|Win32
		{46B1E281-4AC1-4902-81D5-780C3E28E1D0}.Debug|Win32.Build.0 = Debug|Win32
		{46B1E281-4AC1-4902-81D5-780C3E28E1D0}.FACTORY|Win32.ActiveCfg = Release|Win32
		{46B1E281-4AC1-4902-81D5-780C3E28E1D0}.FACTORY|Win32.Build.0 = Release|Win32
		{46B1E281-4AC1-4902-81D5-780C3E28E1D0}.RD_MODE|Win32.ActiveCfg = Release|Win32
		{46B1E281-4AC1-4902-81D5-780C3E28E1D0}.RD_MODE|Win32.Build.0 = Release|Win32
		{46B1E281-4AC1-4902-81D5-780C3E28E1D0}.Release|Win32.ActiveCfg = Release|Win32
		{46B1E281-4AC1-4902-81D5-780C3E28E1D0}.Release|Win32.Build.0 = Release|Win32
		{46B1E281-4AC1-4902-81D5-780C3E28E1D0}.TS_MODE|Win32.ActiveCfg = Release|Win32
		{46B1E281-4AC1-4902-81D5-780C3E28E1D0}.TS_MODE|Win32.Build.0 = Release|Win32
	EndGlobalSection
	GlobalSection(SolutionProperties) = preSolution
		HideSolutionNode = FALSE
	EndGlobalSection
EndGlobal
