
Microsoft Visual Studio Solution File, Format Version 10.00
# Visual Studio 2008
Project("{8BC9CEB8-8B4A-11D0-8D11-00A0C91BC942}") = "DBAccess", "..\Modules\DBAccess\DBAccess.vcproj", "{1A1074A8-AB23-40E5-ACC4-14027778871E}"
EndProject
Project("{8BC9CEB8-8B4A-11D0-8D11-00A0C91BC942}") = "warehouseManage", "..\UI\warehouseManage\warehouseManage.vcproj", "{1E6B264F-A02C-4335-9206-4FC2E1ECCB4A}"
EndProject
Global
	GlobalSection(SolutionConfigurationPlatforms) = preSolution
		Debug|Win32 = Debug|Win32
		Release|Win32 = Release|Win32
	EndGlobalSection
	GlobalSection(ProjectConfigurationPlatforms) = postSolution
		{1A1074A8-AB23-40E5-ACC4-14027778871E}.Debug|Win32.ActiveCfg = Debug|Win32
		{1A1074A8-AB23-40E5-ACC4-14027778871E}.Debug|Win32.Build.0 = Debug|Win32
		{1A1074A8-AB23-40E5-ACC4-14027778871E}.Release|Win32.ActiveCfg = Release|Win32
		{1A1074A8-AB23-40E5-ACC4-14027778871E}.Release|Win32.Build.0 = Release|Win32
		{1E6B264F-A02C-4335-9206-4FC2E1ECCB4A}.Debug|Win32.ActiveCfg = Debug|Win32
		{1E6B264F-A02C-4335-9206-4FC2E1ECCB4A}.Debug|Win32.Build.0 = Debug|Win32
		{1E6B264F-A02C-4335-9206-4FC2E1ECCB4A}.Release|Win32.ActiveCfg = Release|Win32
		{1E6B264F-A02C-4335-9206-4FC2E1ECCB4A}.Release|Win32.Build.0 = Release|Win32
	EndGlobalSection
	GlobalSection(SolutionProperties) = preSolution
		HideSolutionNode = FALSE
	EndGlobalSection
EndGlobal
